
Microsoft Visual Studio Solution File, Format Version 12.00
# Visual Studio Version 16
VisualStudioVersion = 16.0.32630.194
MinimumVisualStudioVersion = 10.0.40219.1
Project("{8BC9CEB8-8B4A-11D0-8D11-00A0C91BC942}") = "NetworkingENet", "NetworkingENet\NetworkingENet.vcxproj", "{F126B6DD-5D78-46CF-8560-CDCFCDE3C9E0}"
EndProject
Project("{8BC9CEB8-8B4A-11D0-8D11-00A0C91BC942}") = "NetworkingClient", "NetworkingClient\NetworkingClient.vcxproj", "{84A7B072-4C97-469B-BB45-D61FD684E5C5}"
EndProject
Global
	GlobalSection(SolutionConfigurationPlatforms) = preSolution
		Debug|x64 = Debug|x64
		Debug|x86 = Debug|x86
		Release|x64 = Release|x64
		Release|x86 = Release|x86
	EndGlobalSection
	GlobalSection(ProjectConfigurationPlatforms) = postSolution
		{F126B6DD-5D78-46CF-8560-CDCFCDE3C9E0}.Debug|x64.ActiveCfg = Debug|x64
		{F126B6DD-5D78-46CF-8560-CDCFCDE3C9E0}.Debug|x64.Build.0 = Debug|x64
		{F126B6DD-5D78-46CF-8560-CDCFCDE3C9E0}.Debug|x86.ActiveCfg = Debug|Win32
		{F126B6DD-5D78-46CF-8560-CDCFCDE3C9E0}.Debug|x86.Build.0 = Debug|Win32
		{F126B6DD-5D78-46CF-8560-CDCFCDE3C9E0}.Release|x64.ActiveCfg = Release|x64
		{F126B6DD-5D78-46CF-8560-CDCFCDE3C9E0}.Release|x64.Build.0 = Release|x64
		{F126B6DD-5D78-46CF-8560-CDCFCDE3C9E0}.Release|x86.ActiveCfg = Release|Win32
		{F126B6DD-5D78-46CF-8560-CDCFCDE3C9E0}.Release|x86.Build.0 = Release|Win32
		{84A7B072-4C97-469B-BB45-D61FD684E5C5}.Debug|x64.ActiveCfg = Debug|x64
		{84A7B072-4C97-469B-BB45-D61FD684E5C5}.Debug|x64.Build.0 = Debug|x64
		{84A7B072-4C97-469B-BB45-D61FD684E5C5}.Debug|x86.ActiveCfg = Debug|Win32
		{84A7B072-4C97-469B-BB45-D61FD684E5C5}.Debug|x86.Build.0 = Debug|Win32
		{84A7B072-4C97-469B-BB45-D61FD684E5C5}.Release|x64.ActiveCfg = Release|x64
		{84A7B072-4C97-469B-BB45-D61FD684E5C5}.Release|x64.Build.0 = Release|x64
		{84A7B072-4C97-469B-BB45-D61FD684E5C5}.Release|x86.ActiveCfg = Release|Win32
		{84A7B072-4C97-469B-BB45-D61FD684E5C5}.Release|x86.Build.0 = Release|Win32
	EndGlobalSection
	GlobalSection(SolutionProperties) = preSolution
		HideSolutionNode = FALSE
	EndGlobalSection
	GlobalSection(ExtensibilityGlobals) = postSolution
		SolutionGuid = {F2172013-547A-4EB6-B073-543C80F41B12}
	EndGlobalSection
EndGlobal
